github.com/aws/aws-lambda-go v1.41.0 h1:l/5fyVb6Ud9uYd411xdHZzSf2n86TakxzpvIoz7l+3Y=
github.com/aws/aws-lambda-go v1.41.0/go.mod h1:jwFe2KmMsHmffA1X2R09hH6lFzJQxzI8qK17ewzbQMM=
github.com/aws/aws-sdk-go-v2 v1.21.1 h1:wjHYshtPpYOZm+/mu3NhVgRRc0baM6LJZOmxPZ5Cwzs=
github.com/aws/aws-sdk-go-v2 v1.21.1/go.mod h1:ErQhvNuEMhJjweavOYhxVkn2RUx7kQXVATHrjKtxIpM=
github.com/aws/aws-sdk-go-v2/aws/protocol/eventstream v1.4.14 h1:Sc82v7tDQ/vdU1WtuSyzZ1I7y/68j//HJ6uozND1IDs=
github.com/aws/aws-sdk-go-v2/aws/protocol/eventstream v1.4.14/go.mod h1:9NCTOURS8OpxvoAVHq79LK81/zC78hfRWFn+aL0SPcY=
github.com/aws/aws-sdk-go-v2/internal/configsources v1.1.42 h1:817VqVe6wvwE46xXy6YF5RywvjOX6U2zRQQ6IbQFK0s=
github.com/aws/aws-sdk-go-v2/internal/configsources v1.1.42/go.mod h1:oDfgXoBBmj+kXnqxDDnIDnC56QBosglKp8ftRCTxR+0=
github.com/aws/aws-sdk-go-v2/internal/endpoints/v2 v2.4.36 h1:7ZApaXzWbo8slc+W5TynuUlB4z66g44h7uqa3/d/BsY=
github.com/aws/aws-sdk-go-v2/internal/endpoints/v2 v2.4.36/go.mod h1:rwr4WnmFi3RJO0M4dxbJtgi9BPLMpVBMX1nUte5ha9U=
github.com/aws/aws-sdk-go-v2/internal/v4a v1.1.5 h1:8JG9ny0BqBDzmtIzbpaN+eke152ZNsYKApFJ/q29Hxo=
github.com/aws/aws-sdk-go-v2/internal/v4a v1.1.5/go.mod h1:kEDHQApP/ukMO9natNftgUN3NaTsMxK6jb2jjpSMX7Y=
github.com/aws/aws-sdk-go-v2/service/internal/accept-encoding v1.9.15 h1:7R8uRYyXzdD71KWVCL78lJZltah6VVznXBazvKjfH58=
github.com/aws/aws-sdk-go-v2/service/internal/accept-encoding v1.9.15/go.mod h1:26SQUPcTNgV1Tapwdt4a1rOsYRsnBsJHLMPoxK2b0d8=
github.com/aws/aws-sdk-go-v2/service/internal/checksum v1.1.37 h1:Mx1zJlYbiUQANWT40koevLvxawGFolmkaP4m+LuyG7M=
github.com/aws/aws-sdk-go-v2/service/internal/checksum v1.1.37/go.mod h1:PjKIAMFthKPgG/B8bbRpo3F8jfr2q2L+w3u78jJ12a0=
github.com/aws/aws-sdk-go-v2/service/internal/presigned-url v1.9.36 h1:YXlm7LxwNlauqb2OrinWlcvtsflTzP8GaMvYfQBhoT4=
github.com/aws/aws-sdk-go-v2/service/internal/presigned-url v1.9.36/go.mod h1:ou9ffqJ9hKOVZmjlC6kQ6oROAyG1M4yBKzR+9BKbDwk=
github.com/aws/aws-sdk-go-v2/service/internal/s3shared v1.15.5 h1:sAAz28SeA7YZl8Yaphjs9tlLsflhdniQPjf3X2cqr4s=
github.com/aws/aws-sdk-go-v2/service/internal/s3shared v1.15.5/go.mod h1:HC7gNz3VH0p+RvLKK+HqNQv/gHy+1Os3ko/F41s3+aw=
github.com/aws/aws-sdk-go-v2/service/s3 v1.40.1 h1:FqIaVPbs2W8U3fszl2PCL1IDKeRdM7TssjWamL6b2mg=
github.com/aws/aws-sdk-go-v2/service/s3 v1.40.1/go.mod h1:X0e0NCAx4GjOrKro7s9QYy+YEIFhgCkt6gYKVKhZB5Y=
github.com/aws/smithy-go v1.15.0 h1:PS/durmlzvAFpQHDs4wi4sNNP9ExsqZh6IlfdHXgKK8=
github.com/aws/smithy-go v1.15.0/go.mod h1:Tg+OJXh4MB2R/uN61Ko2f6hTZwB/ZYGOtib8J3gBHzA=
github.com/davecgh/go-spew v1.1.0/go.mod h1:J7Y8YcW2NihsgmVo/mv3lAwl/skON4iLHjSsI+c5H38=
github.com/davecgh/go-spew v1.1.1 h1:vj9j/u1bqnvCEfJOwUhtlOARqs3+rkHYY13jYWTU97c=
github.com/davecgh/go-spew v1.1.1/go.mod h1:J7Y8YcW2NihsgmVo/mv3lAwl/skON4iLHjSsI+c5H38=
github.com/gabriel-vasile/mimetype v1.4.2 h1:w5qFW6JKBz9Y393Y4q372O9A7cUSequkh1Q7OhCmWKU=
github.com/gabriel-vasile/mimetype v1.4.2/go.mod h1:zApsH/mKG4w07erKIaJPFiX0Tsq9BFQgN3qGY5GnNgA=
github.com/go-playground/assert/v2 v2.2.0 h1:JvknZsQTYeFEAhQwI4qEt9cyV5ONwRHC+lYKSsYSR8s=
github.com/go-playground/assert/v2 v2.2.0/go.mod h1:VDjEfimB/XKnb+ZQfWdccd7VUvScMdVu0Titje2rxJ4=
github.com/go-playground/locales v0.14.1 h1:EWaQ/wswjilfKLTECiXz7Rh+3BjFhfDFKv/oXslEjJA=
github.com/go-playground/locales v0.14.1/go.mod h1:hxrqLVvrK65+Rwrd5Fc6F2O76J/NuW9t0sjnWqG1slY=
github.com/go-playground/universal-translator v0.18.1 h1:Bcnm0ZwsGyWbCzImXv+pAJnYK9S473LQFuzCbDbfSFY=
github.com/go-playground/universal-translator v0.18.1/go.mod h1:xekY+UJKNuX9WP91TpwSH2VMlDf28Uj24BCp08ZFTUY=
github.com/go-playground/validator/v10 v10.15.5 h1:LEBecTWb/1j5TNY1YYG2RcOUN3R7NLylN+x8TTueE24=
github.com/go-playground/validator/v10 v10.15.5/go.mod h1:9iXMNT7sEkjXb0I+enO7QXmzG6QCsPWY4zveKFVRSyU=
github.com/google/go-cmp v0.5.8 h1:e6P7q2lk1O+qJJb4BtCQXlK8vWEO8V1ZeuEdJNOqZyg=
github.com/google/go-cmp v0.5.8/go.mod h1:17dUlkBOakJ0+DkrSSNjCkIjxS6bF9zb3elmeNGIjoY=
github.com/google/uuid v1.3.1 h1:KjJaJ9iWZ3jOFZIf1Lqf4laDRCasjl0BCmnEGxkdLb4=
github.com/google/uuid v1.3.1/go.mod h1:TIyPZe4MgqvfeYDBFedMoGGpEw/LqOeaOT+nhxU+yHo=
github.com/jmespath/go-jmespath v0.4.0/go.mod h1:T8mJZnbsbmF+m6zOOFylbeCJqk5+pHWvzYPziyZiYoo=
github.com/jmespath/go-jmespath/internal/testify v1.5.1/go.mod h1:L3OGu8Wl2/fWfCI6z80xFu9LTZmf1ZRjMHUOPmWr69U=
github.com/leodido/go-urn v1.2.4 h1:XlAE/cm/ms7TE/VMVoduSpNBoyc2dOxHs5MZSwAN63Q=
github.com/leodido/go-urn v1.2.4/go.mod h1:7ZrI8mTSeBSHl/UaRyKQW1qZeMgak41ANeCNaVckg+4=
github.com/pmezard/go-difflib v1.0.0 h1:4DBwDE0NGyQoBHbLQYPwSUPoCMWR5BEzIk/f1lZbAQM=
github.com/pmezard/go-difflib v1.0.0/go.mod h1:iKH77koFhYxTK1pcRnkKkqfTogsbg7gZNVY4sRDYZ/4=
github.com/stretchr/objx v0.1.0/go.mod h1:HFkY916IF+rwdDfMAkV7OtwuqBVzrE8GR6GFx+wExME=
github.com/stretchr/objx v0.4.0/go.mod h1:YvHI0jy2hoMjB+UWwv71VJQ9isScKT/TqJzVSSt89Yw=
github.com/stretchr/objx v0.5.0/go.mod h1:Yh+to48EsGEfYuaHDzXPcE3xhTkx73EhmCGUpEOglKo=
github.com/stretchr/testify v1.7.1/go.mod h1:6Fq8oRcR53rry900zMqJjRRixrwX3KX962/h/Wwjteg=
github.com/stretchr/testify v1.8.0/go.mod h1:yNjHg4UonilssWZ8iaSj1OCr/vHnekPRkoO+kdMU+MU=
github.com/stretchr/testify v1.8.2 h1:+h33VjcLVPDHtOdpUCuF+7gSuG3yGIftsP1YvFihtJ8=
github.com/stretchr/testify v1.8.2/go.mod h1:w2LPCIKwWwSfY2zedu0+kehJoqGctiVI29o6fzry7u4=
golang.org/x/crypto v0.7.0 h1:AvwMYaRytfdeVt3u6mLaxYtErKYjxA2OXjJ1HHq6t3A=
golang.org/x/crypto v0.7.0/go.mod h1:pYwdfH91IfpZVANVyUOhSIPZaFoJGxTFbZhFTx+dXZU=
golang.org/x/net v0.8.0 h1:Zrh2ngAOFYneWTAIAPethzeaQLuHwhuBkuV6ZiRnUaQ=
golang.org/x/net v0.8.0/go.mod h1:QVkue5JL9kW//ek3r6jTKnTFis1tRmNAW2P1shuFdJc=
golang.org/x/sys v0.6.0 h1:MVltZSvRTcU2ljQOhs94SXPftV6DCNnZViHeQps87pQ=
golang.org/x/sys v0.6.0/go.mod h1:oPkhp1MJrh7nUepCBck5+mAzfO9JrbApNNgaTdGDITg=
golang.org/x/text v0.8.0 h1:57P1ETyNKtuIjB4SRd15iJxuhj8Gc416Y78H3qgMh68=
golang.org/x/text v0.8.0/go.mod h1:e1OnstbJyHTd6l/uOt8jFFHp6TRDWZR/bV3emEE/zU8=
gopkg.in/check.v1 v0.0.0-20161208181325-20d25e280405/go.mod h1:Co6ibVJAznAaIkqp8huTwlJQCZ016jof/cbN4VW5Yz0=
gopkg.in/yaml.v2 v2.2.8/go.mod h1:hI93XBmqTisBFMUTm0b8Fm+jr3Dg1NNxqwp+5A1VGuI=
gopkg.in/yaml.v3 v3.0.0-20200313102051-9f266ea9e77c/go.mod h1:K4uyk7z7BCEPqu6E+C64Yfv1cQ7kz7rIZviUmN+EgEM=
gopkg.in/yaml.v3 v3.0.1 h1:fxVm/GzAzEWqLHuvctI91KS9hhNmmWOoWu0XTYJS7CA=
gopkg.in/yaml.v3 v3.0.1/go.mod h1:K4uyk7z7BCEPqu6E+C64Yfv1cQ7kz7rIZviUmN+EgEM=
